// !$*UTF8*$!
{
	archiveVersion = 1;
	classes = {
	};
	objectVersion = 46;
	objects = {

/* Begin PBXBuildFile section */
		9612D5E71D2A887500C4629F /* main.mm in Sources */ = {isa = PBXBuildFile; fileRef = 9612D5E61D2A887500C4629F /* main.mm */; };
		9612D5EF1D2A88DD00C4629F /* libfaac.a in Frameworks */ = {isa = PBXBuildFile; fileRef = 9612D5EE1D2A88DD00C4629F /* libfaac.a */; };
/* End PBXBuildFile section */

/* Begin PBXCopyFilesBuildPhase section */
		9612D5E11D2A887500C4629F /* CopyFiles */ = {
			isa = PBXCopyFilesBuildPhase;
			buildActionMask = 2147483647;
			dstPath = /usr/share/man/man1/;
			dstSubfolderSpec = 0;
			files = (
			);
			runOnlyForDeploymentPostprocessing = 1;
		};
/* End PBXCopyFilesBuildPhase section */

/* Begin PBXFileReference section */
		9612D5E31D2A887500C4629F /* pcm2aac */ = {isa = PBXFileReference; explicitFileType = "compiled.mach-o.executable"; includeInIndex = 0; path = pcm2aac; sourceTree = BUILT_PRODUCTS_DIR; };
		9612D5E61D2A887500C4629F /* main.mm */ = {isa = PBXFileReference; lastKnownFileType = sourcecode.cpp.objcpp; path = main.mm; sourceTree = "<group>"; };
		9612D5ED1D2A88BB00C4629F /* fat-faac */ = {isa = PBXFileReference; lastKnownFileType = folder; path = "fat-faac"; sourceTree = "<group>"; };
		9612D5EE1D2A88DD00C4629F /* libfaac.a */ = {isa = PBXFileReference; lastKnownFileType = archive.ar; name = libfaac.a; path = "pcm2aac/fat-faac/lib/libfaac.a"; sourceTree = "<group>"; };
/* End PBXFileReference section */

/* Begin PBXFrameworksBuildPhase section */
		9612D5E01D2A887500C4629F /* Frameworks */ = {
			isa = PBXFrameworksBuildPhase;
			buildActionMask = 2147483647;
			files = (
				9612D5EF1D2A88DD00C4629F /* libfaac.a in Frameworks */,
			);
			runOnlyForDeploymentPostprocessing = 0;
		};
/* End PBXFrameworksBuildPhase section */

/* Begin PBXGroup section */
		9612D5DA1D2A887500C4629F = {
			isa = PBXGroup;
			children = (
				9612D5EE1D2A88DD00C4629F /* libfaac.a */,
				9612D5E51D2A887500C4629F /* pcm2aac */,
				9612D5E41D2A887500C4629F /* Products */,
			);
			sourceTree = "<group>";
		};
		9612D5E41D2A887500C4629F /* Products */ = {
			isa = PBXGroup;
			children = (
				9612D5E31D2A887500C4629F /* pcm2aac */,
			);
			name = Products;
			sourceTree = "<group>";
		};
		9612D5E51D2A887500C4629F /* pcm2aac */ = {
			isa = PBXGroup;
			children = (
				9612D5ED1D2A88BB00C4629F /* fat-faac */,
				9612D5E61D2A887500C4629F /* main.mm */,
			);
			path = pcm2aac;
			sourceTree = "<group>";
		};
/* End PBXGroup section */

/* Begin PBXNativeTarget section */
		9612D5E21D2A887500C4629F /* pcm2aac */ = {
			isa = PBXNativeTarget;
			buildConfigurationList = 9612D5EA1D2A887500C4629F /* Build configuration list for PBXNativeTarget "pcm2aac" */;
			buildPhases = (
				9612D5DF1D2A887500C4629F /* Sources */,
				9612D5E01D2A887500C4629F /* Frameworks */,
				9612D5E11D2A887500C4629F /* CopyFiles */,
			);
			buildRules = (
			);
			dependencies = (
			);
			name = pcm2aac;
			productName = pcm2aac;
			productReference = 9612D5E31D2A887500C4629F /* pcm2aac */;
			productType = "com.apple.product-type.tool";
		};
/* End PBXNativeTarget section */

/* Begin PBXProject section */
		9612D5DB1D2A887500C4629F /* Project object */ = {
			isa = PBXProject;
			attributes = {
				LastUpgradeCheck = 0730;
				ORGANIZATIONNAME = duhaodong;
				TargetAttributes = {
					9612D5E21D2A887500C4629F = {
						CreatedOnToolsVersion = 7.3.1;
					};
				};
			};
			buildConfigurationList = 9612D5DE1D2A887500C4629F /* Build configuration list for PBXProject "pcm2aac" */;
			compatibilityVersion = "Xcode 3.2";
			developmentRegion = English;
			hasScannedForEncodings = 0;
			knownRegions = (
				en,
			);
			mainGroup = 9612D5DA1D2A887500C4629F;
			productRefGroup = 9612D5E41D2A887500C4629F /* Products */;
			projectDirPath = "";
			projectRoot = "";
			targets = (
				9612D5E21D2A887500C4629F /* pcm2aac */,
			);
		};
/* End PBXProject section */

/* Begin PBXSourcesBuildPhase section */
		9612D5DF1D2A887500C4629F /* Sources */ = {
			isa = PBXSourcesBuildPhase;
			buildActionMask = 2147483647;
			files = (
				9612D5E71D2A887500C4629F /* main.mm in Sources */,
			);
			runOnlyForDeploymentPostprocessing = 0;
		};
/* End PBXSourcesBuildPhase section */

/* Begin XCBuildConfiguration section */
		9612D5E81D2A887500C4629F /* Debug */ = {
			isa = XCBuildConfiguration;
			buildSettings = {
				ALWAYS_SEARCH_USER_PATHS = NO;
				CLANG_ANALYZER_NONNULL = YES;
				CLANG_CXX_LANGUAGE_STANDARD = "gnu++0x";
				CLANG_CXX_LIBRARY = "libc++";
				CLANG_ENABLE_MODULES = YES;
				CLANG_ENABLE_OBJC_ARC = YES;
				CLANG_WARN_BOOL_CONVERSION = YES;
				CLANG_WARN_CONSTANT_CONVERSION = YES;
				CLANG_WARN_DIRECT_OBJC_ISA_USAGE = YES_ERROR;
				CLANG_WARN_EMPTY_BODY = YES;
				CLANG_WARN_ENUM_CONVERSION = YES;
				CLANG_WARN_INT_CONVERSION = YES;
				CLANG_WARN_OBJC_ROOT_CLASS = YES_ERROR;
				CLANG_WARN_UNREACHABLE_CODE = YES;
				CLANG_WARN__DUPLICATE_METHOD_MATCH = YES;
				CODE_SIGN_IDENTITY = "-";
				COPY_PHASE_STRIP = NO;
				DEBUG_INFORMATION_FORMAT = dwarf;
				ENABLE_STRICT_OBJC_MSGSEND = YES;
				ENABLE_TESTABILITY = YES;
				GCC_C_LANGUAGE_STANDARD = gnu99;
				GCC_DYNAMIC_NO_PIC = NO;
				GCC_NO_COMMON_BLOCKS = YES;
				GCC_OPTIMIZATION_LEVEL = 0;
				GCC_PREPROCESSOR_DEFINITIONS = (
					"DEBUG=1",
					"$(inherited)",
				);
				GCC_WARN_64_TO_32_BIT_CONVERSION = YES;
				GCC_WARN_ABOUT_RETURN_TYPE = YES_ERROR;
				GCC_WARN_UNDECLARED_SELECTOR = YES;
				GCC_WARN_UNINITIALIZED_AUTOS = YES_AGGRESSIVE;
				GCC_WARN_UNUSED_FUNCTION = YES;
				GCC_WARN_UNUSED_VARIABLE = YES;
				MACOSX_DEPLOYMENT_TARGET = 10.11;
				MTL_ENABLE_DEBUG_INFO = YES;
				ONLY_ACTIVE_ARCH = YES;
				SDKROOT = macosx;
			};
			name = Debug;
		};
		9612D5E91D2A887500C4629F /* Release */ = {
			isa = XCBuildConfiguration;
			buildSettings = {
				ALWAYS_SEARCH_USER_PATHS = NO;
				CLANG_ANALYZER_NONNULL = YES;
				CLANG_CXX_LANGUAGE_STANDARD = "gnu++0x";
				CLANG_CXX_LIBRARY = "libc++";
				CLANG_ENABLE_MODULES = YES;
				CLANG_ENABLE_OBJC_ARC = YES;
				CLANG_WARN_BOOL_CONVERSION = YES;
				CLANG_WARN_CONSTANT_CONVERSION = YES;
				CLANG_WARN_DIRECT_OBJC_ISA_USAGE = YES_ERROR;
				CLANG_WARN_EMPTY_BODY = YES;
				CLANG_WARN_ENUM_CONVERSION = YES;
				CLANG_WARN_INT_CONVERSION = YES;
				CLANG_WARN_OBJC_ROOT_CLASS = YES_ERROR;
				CLANG_WARN_UNREACHABLE_CODE = YES;
				CLANG_WARN__DUPLICATE_METHOD_MATCH = YES;
				CODE_SIGN_IDENTITY = "-";
				COPY_PHASE_STRIP = NO;
				DEBUG_INFORMATION_FORMAT = "dwarf-with-dsym";
				ENABLE_NS_ASSERTIONS = NO;
				ENABLE_STRICT_OBJC_MSGSEND = YES;
				GCC_C_LANGUAGE_STANDARD = gnu99;
				GCC_NO_COMMON_BLOCKS = YES;
				GCC_WARN_64_TO_32_BIT_CONVERSION = YES;
				GCC_WARN_ABOUT_RETURN_TYPE = YES_ERROR;
				GCC_WARN_UNDECLARED_SELECTOR = YES;
				GCC_WARN_UNINITIALIZED_AUTOS = YES_AGGRESSIVE;
				GCC_WARN_UNUSED_FUNCTION = YES;
				GCC_WARN_UNUSED_VARIABLE = YES;
				MACOSX_DEPLOYMENT_TARGET = 10.11;
				MTL_ENABLE_DEBUG_INFO = NO;
				SDKROOT = macosx;
			};
			name = Release;
		};
		9612D5EB1D2A887500C4629F /* Debug */ = {
			isa = XCBuildConfiguration;
			buildSettings = {
				HEADER_SEARCH_PATHS = "\"$(SRCROOT)/pcm2aac/fat-faac/include\"";
				LIBRARY_SEARCH_PATHS = (
					"$(inherited)",
					"$(PROJECT_DIR)/pcm2aac/fat-faac/lib",
				);
				PRODUCT_NAME = "$(TARGET_NAME)";
			};
			name = Debug;
		};
		9612D5EC1D2A887500C4629F /* Release */ = {
			isa = XCBuildConfiguration;
			buildSettings = {
				HEADER_SEARCH_PATHS = "\"$(SRCROOT)/pcm2aac/fat-faac/include\"";
				LIBRARY_SEARCH_PATHS = (
					"$(inherited)",
					"$(PROJECT_DIR)/pcm2aac/fat-faac/lib",
				);
				PRODUCT_NAME = "$(TARGET_NAME)";
			};
			name = Release;
		};
/* End XCBuildConfiguration section */

/* Begin XCConfigurationList section */
		9612D5DE1D2A887500C4629F /* Build configuration list for PBXProject "pcm2aac" */ = {
			isa = XCConfigurationList;
			buildConfigurations = (
				9612D5E81D2A887500C4629F /* Debug */,
				9612D5E91D2A887500C4629F /* Release */,
			);
			defaultConfigurationIsVisible = 0;
			defaultConfigurationName = Release;
		};
		9612D5EA1D2A887500C4629F /* Build configuration list for PBXNativeTarget "pcm2aac" */ = {
			isa = XCConfigurationList;
			buildConfigurations = (
				9612D5EB1D2A887500C4629F /* Debug */,
				9612D5EC1D2A887500C4629F /* Release */,
			);
			defaultConfigurationIsVisible = 0;
		};
/* End XCConfigurationList section */
	};
	rootObject = 9612D5DB1D2A887500C4629F /* Project object */;
}
